{
  "name": "napi",
  "version": "1.0.0",
  "lockfileVersion": 2,
  "requires": true,
  "packages": {
    "": {
      "name": "napi",
      "version": "1.0.0",
      "hasInstallScript": true,
      "license": "ISC",
      "dependencies": {
        "rustynode": "file:../.."
      }
    },
    "../..": {
      "version": "1.0.0",
      "hasInstallScript": true,
      "license": "MIT",
      "dependencies": {
        "benchmark": "^2.1.4",
        "express": "^4.17.1",
        "json-to-markdown-table": "^1.0.0",
        "microtime": "^3.0.0",
        "nodemon": "^2.0.4"
      },
      "devDependencies": {
        "esm": "^3.2.25",
        "napi-rs": "^0.3.1",
        "wasm-pack": "^0.9.1"
      }
    },
    "node_modules/rustynode": {
      "resolved": "../..",
      "link": true
    }
  },
  "dependencies": {
    "rustynode": {
      "version": "file:../..",
      "requires": {
        "benchmark": "^2.1.4",
        "esm": "^3.2.25",
        "express": "^4.17.1",
        "json-to-markdown-table": "^1.0.0",
        "microtime": "^3.0.0",
        "napi-rs": "^0.3.1",
        "nodemon": "^2.0.4",
        "wasm-pack": "^0.9.1"
      }
    }
  }
}
